
Microsoft Visual Studio Solution File, Format Version 12.00
# Visual Studio Version 16
VisualStudioVersion = 16.0.30309.148
MinimumVisualStudioVersion = 10.0.40219.1
Project("{FAE04EC0-301F-11D3-BF4B-00C04F79EFBC}") = "EjercicioVideos", "EjercicioVideos.csproj", "{8A204B2B-EC13-4121-90D9-F5239EF9CC3F}"
EndProject
Global
	GlobalSection(SolutionConfigurationPlatforms) = preSolution
		Debug|Any CPU = Debug|Any CPU
		Release|Any CPU = Release|Any CPU
	EndGlobalSection
	GlobalSection(ProjectConfigurationPlatforms) = postSolution
		{8A204B2B-EC13-4121-90D9-F5239EF9CC3F}.Debug|Any CPU.ActiveCfg = Debug|Any CPU
		{8A204B2B-EC13-4121-90D9-F5239EF9CC3F}.Debug|Any CPU.Build.0 = Debug|Any CPU
		{8A204B2B-EC13-4121-90D9-F5239EF9CC3F}.Release|Any CPU.ActiveCfg = Release|Any CPU
		{8A204B2B-EC13-4121-90D9-F5239EF9CC3F}.Release|Any CPU.Build.0 = Release|Any CPU
	EndGlobalSection
	GlobalSection(SolutionProperties) = preSolution
		HideSolutionNode = FALSE
	EndGlobalSection
	GlobalSection(ExtensibilityGlobals) = postSolution
		SolutionGuid = {94AAE714-2C6F-4120-B062-F6B5715C8CA8}
	EndGlobalSection
EndGlobal
